// !$*UTF8*$!
{
	archiveVersion = 1;
	classes = {
	};
	objectVersion = 56;
	objects = {

/* Begin PBXBuildFile section */
		2F7D60BE2906BC23003A22EF /* TodoPartyApp.swift in Sources */ = {isa = PBXBuildFile; fileRef = 2F7D60BD2906BC23003A22EF /* TodoPartyApp.swift */; };
		2F7D60C02906BC23003A22EF /* ContentView.swift in Sources */ = {isa = PBXBuildFile; fileRef = 2F7D60BF2906BC23003A22EF /* ContentView.swift */; };
		2F7D60C22906BC24003A22EF /* Assets.xcassets in Resources */ = {isa = PBXBuildFile; fileRef = 2F7D60C12906BC24003A22EF /* Assets.xcassets */; };
		2F7D60C62906BC24003A22EF /* Preview Assets.xcassets in Resources */ = {isa = PBXBuildFile; fileRef = 2F7D60C52906BC24003A22EF /* Preview Assets.xcassets */; };
		2F7D60CD2906C3A2003A22EF /* GoogleService-Info.plist in Resources */ = {isa = PBXBuildFile; fileRef = 2F7D60CC2906C3A2003A22EF /* GoogleService-Info.plist */; };
		2F7D60D02906C455003A22EF /* FirebaseAuth in Frameworks */ = {isa = PBXBuildFile; productRef = 2F7D60CF2906C455003A22EF /* FirebaseAuth */; };
		2F7D60D22906C455003A22EF /* FirebaseDatabase in Frameworks */ = {isa = PBXBuildFile; productRef = 2F7D60D12906C455003A22EF /* FirebaseDatabase */; };
		2F7D60D42906C455003A22EF /* FirebaseDatabaseSwift in Frameworks */ = {isa = PBXBuildFile; productRef = 2F7D60D32906C455003A22EF /* FirebaseDatabaseSwift */; };
		2F7D60D72906C4D7003A22EF /* AuthManager.swift in Sources */ = {isa = PBXBuildFile; fileRef = 2F7D60D62906C4D7003A22EF /* AuthManager.swift */; };
		2F7D60DA2906C782003A22EF /* CustomButtonView.swift in Sources */ = {isa = PBXBuildFile; fileRef = 2F7D60D92906C782003A22EF /* CustomButtonView.swift */; };
		2F7D60DC2906C790003A22EF /* CustomTextFieldView.swift in Sources */ = {isa = PBXBuildFile; fileRef = 2F7D60DB2906C790003A22EF /* CustomTextFieldView.swift */; };
		2F7D60DE2906C85B003A22EF /* AuthScreen.swift in Sources */ = {isa = PBXBuildFile; fileRef = 2F7D60DD2906C85B003A22EF /* AuthScreen.swift */; };
		2F7D60E02906D90C003A22EF /* Color+Extensions.swift in Sources */ = {isa = PBXBuildFile; fileRef = 2F7D60DF2906D90C003A22EF /* Color+Extensions.swift */; };
		2F7D60E42906E6C7003A22EF /* TodoItem.swift in Sources */ = {isa = PBXBuildFile; fileRef = 2F7D60E32906E6C7003A22EF /* TodoItem.swift */; };
		2F7D60E62906E6F4003A22EF /* TodoManager.swift in Sources */ = {isa = PBXBuildFile; fileRef = 2F7D60E52906E6F4003A22EF /* TodoManager.swift */; };
		2F7D60E92906F220003A22EF /* TodoListScreen.swift in Sources */ = {isa = PBXBuildFile; fileRef = 2F7D60E82906F220003A22EF /* TodoListScreen.swift */; };
		2F7D60EC2906F5D2003A22EF /* TodoModel+Preview.swift in Sources */ = {isa = PBXBuildFile; fileRef = 2F7D60EB2906F5D2003A22EF /* TodoModel+Preview.swift */; };
		2FE80AF729146076000B0222 /* TodoList.swift in Sources */ = {isa = PBXBuildFile; fileRef = 2FE80AF629146076000B0222 /* TodoList.swift */; };
/* End PBXBuildFile section */

/* Begin PBXFileReference section */
		2F7D60BA2906BC23003A22EF /* TodoPartyFirebase-Firebase.app */ = {isa = PBXFileReference; explicitFileType = wrapper.application; includeInIndex = 0; path = "TodoPartyFirebase-Firebase.app"; sourceTree = BUILT_PRODUCTS_DIR; };
		2F7D60BD2906BC23003A22EF /* TodoPartyApp.swift */ = {isa = PBXFileReference; lastKnownFileType = sourcecode.swift; path = TodoPartyApp.swift; sourceTree = "<group>"; };
		2F7D60BF2906BC23003A22EF /* ContentView.swift */ = {isa = PBXFileReference; lastKnownFileType = sourcecode.swift; path = ContentView.swift; sourceTree = "<group>"; };
		2F7D60C12906BC24003A22EF /* Assets.xcassets */ = {isa = PBXFileReference; lastKnownFileType = folder.assetcatalog; path = Assets.xcassets; sourceTree = "<group>"; };
		2F7D60C32906BC24003A22EF /* TodoParty.entitlements */ = {isa = PBXFileReference; lastKnownFileType = text.plist.entitlements; path = TodoParty.entitlements; sourceTree = "<group>"; };
		2F7D60C52906BC24003A22EF /* Preview Assets.xcassets */ = {isa = PBXFileReference; lastKnownFileType = folder.assetcatalog; path = "Preview Assets.xcassets"; sourceTree = "<group>"; };
		2F7D60CC2906C3A2003A22EF /* GoogleService-Info.plist */ = {isa = PBXFileReference; fileEncoding = 4; lastKnownFileType = text.plist.xml; path = "GoogleService-Info.plist"; sourceTree = "<group>"; };
		2F7D60D62906C4D7003A22EF /* AuthManager.swift */ = {isa = PBXFileReference; lastKnownFileType = sourcecode.swift; path = AuthManager.swift; sourceTree = "<group>"; };
		2F7D60D92906C782003A22EF /* CustomButtonView.swift */ = {isa = PBXFileReference; lastKnownFileType = sourcecode.swift; path = CustomButtonView.swift; sourceTree = "<group>"; };
		2F7D60DB2906C790003A22EF /* CustomTextFieldView.swift */ = {isa = PBXFileReference; lastKnownFileType = sourcecode.swift; path = CustomTextFieldView.swift; sourceTree = "<group>"; };
		2F7D60DD2906C85B003A22EF /* AuthScreen.swift */ = {isa = PBXFileReference; lastKnownFileType = sourcecode.swift; path = AuthScreen.swift; sourceTree = "<group>"; };
		2F7D60DF2906D90C003A22EF /* Color+Extensions.swift */ = {isa = PBXFileReference; lastKnownFileType = sourcecode.swift; path = "Color+Extensions.swift"; sourceTree = "<group>"; };
		2F7D60E32906E6C7003A22EF /* TodoItem.swift */ = {isa = PBXFileReference; lastKnownFileType = sourcecode.swift; path = TodoItem.swift; sourceTree = "<group>"; };
		2F7D60E52906E6F4003A22EF /* TodoManager.swift */ = {isa = PBXFileReference; lastKnownFileType = sourcecode.swift; path = TodoManager.swift; sourceTree = "<group>"; };
		2F7D60E82906F220003A22EF /* TodoListScreen.swift */ = {isa = PBXFileReference; lastKnownFileType = sourcecode.swift; path = TodoListScreen.swift; sourceTree = "<group>"; };
		2F7D60EB2906F5D2003A22EF /* TodoModel+Preview.swift */ = {isa = PBXFileReference; lastKnownFileType = sourcecode.swift; path = "TodoModel+Preview.swift"; sourceTree = "<group>"; };
		2FE80AF629146076000B0222 /* TodoList.swift */ = {isa = PBXFileReference; lastKnownFileType = sourcecode.swift; path = TodoList.swift; sourceTree = "<group>"; };
/* End PBXFileReference section */

/* Begin PBXFrameworksBuildPhase section */
		2F7D60B72906BC23003A22EF /* Frameworks */ = {
			isa = PBXFrameworksBuildPhase;
			buildActionMask = 2147483647;
			files = (
				2F7D60D42906C455003A22EF /* FirebaseDatabaseSwift in Frameworks */,
				2F7D60D22906C455003A22EF /* FirebaseDatabase in Frameworks */,
				2F7D60D02906C455003A22EF /* FirebaseAuth in Frameworks */,
			);
			runOnlyForDeploymentPostprocessing = 0;
		};
/* End PBXFrameworksBuildPhase section */

/* Begin PBXGroup section */
		2F7D60B12906BC23003A22EF = {
			isa = PBXGroup;
			children = (
				2F7D60BC2906BC23003A22EF /* TodoPartyFirebase */,
				2F7D60BB2906BC23003A22EF /* Products */,
			);
			sourceTree = "<group>";
		};
		2F7D60BB2906BC23003A22EF /* Products */ = {
			isa = PBXGroup;
			children = (
				2F7D60BA2906BC23003A22EF /* TodoPartyFirebase-Firebase.app */,
			);
			name = Products;
			sourceTree = "<group>";
		};
		2F7D60BC2906BC23003A22EF /* TodoPartyFirebase */ = {
			isa = PBXGroup;
			children = (
				2F7D60BD2906BC23003A22EF /* TodoPartyApp.swift */,
				2F7D60BF2906BC23003A22EF /* ContentView.swift */,
				2F7D60E12906E3C4003A22EF /* Extensions */,
				2F7D60EA2906F3AD003A22EF /* Authentication */,
				2F7D60E72906F209003A22EF /* Task Management */,
				2F7D60C12906BC24003A22EF /* Assets.xcassets */,
				2F7D60C32906BC24003A22EF /* TodoParty.entitlements */,
				2F7D60CC2906C3A2003A22EF /* GoogleService-Info.plist */,
				2F7D60C42906BC24003A22EF /* Preview Content */,
			);
			path = TodoPartyFirebase;
			sourceTree = "<group>";
		};
		2F7D60C42906BC24003A22EF /* Preview Content */ = {
			isa = PBXGroup;
			children = (
				2F7D60EB2906F5D2003A22EF /* TodoModel+Preview.swift */,
				2F7D60C52906BC24003A22EF /* Preview Assets.xcassets */,
			);
			path = "Preview Content";
			sourceTree = "<group>";
		};
		2F7D60E12906E3C4003A22EF /* Extensions */ = {
			isa = PBXGroup;
			children = (
				2F7D60DF2906D90C003A22EF /* Color+Extensions.swift */,
			);
			path = Extensions;
			sourceTree = "<group>";
		};
		2F7D60E72906F209003A22EF /* Task Management */ = {
			isa = PBXGroup;
			children = (
				2F7D60F82907BFBD003A22EF /* Data */,
				2F7D60F92907BFC4003A22EF /* UI */,
			);
			path = "Task Management";
			sourceTree = "<group>";
		};
		2F7D60EA2906F3AD003A22EF /* Authentication */ = {
			isa = PBXGroup;
			children = (
				2F7D60FA2907BFCE003A22EF /* Data */,
				2F7D60F72907BF9F003A22EF /* UI */,
			);
			path = Authentication;
			sourceTree = "<group>";
		};
		2F7D60F72907BF9F003A22EF /* UI */ = {
			isa = PBXGroup;
			children = (
				2F7D60DD2906C85B003A22EF /* AuthScreen.swift */,
				2F7D60D92906C782003A22EF /* CustomButtonView.swift */,
				2F7D60DB2906C790003A22EF /* CustomTextFieldView.swift */,
			);
			path = UI;
			sourceTree = "<group>";
		};
		2F7D60F82907BFBD003A22EF /* Data */ = {
			isa = PBXGroup;
			children = (
				2F7D60E52906E6F4003A22EF /* TodoManager.swift */,
				2F7D60E32906E6C7003A22EF /* TodoItem.swift */,
				2FE80AF629146076000B0222 /* TodoList.swift */,
			);
			path = Data;
			sourceTree = "<group>";
		};
		2F7D60F92907BFC4003A22EF /* UI */ = {
			isa = PBXGroup;
			children = (
				2F7D60E82906F220003A22EF /* TodoListScreen.swift */,
			);
			path = UI;
			sourceTree = "<group>";
		};
		2F7D60FA2907BFCE003A22EF /* Data */ = {
			isa = PBXGroup;
			children = (
				2F7D60D62906C4D7003A22EF /* AuthManager.swift */,
			);
			path = Data;
			sourceTree = "<group>";
		};
/* End PBXGroup section */

/* Begin PBXNativeTarget section */
		2F7D60B92906BC23003A22EF /* TodoPartyFirebase-Firebase */ = {
			isa = PBXNativeTarget;
			buildConfigurationList = 2F7D60C92906BC24003A22EF /* Build configuration list for PBXNativeTarget "TodoPartyFirebase-Firebase" */;
			buildPhases = (
				2F7D60B62906BC23003A22EF /* Sources */,
				2F7D60B72906BC23003A22EF /* Frameworks */,
				2F7D60B82906BC23003A22EF /* Resources */,
			);
			buildRules = (
			);
			dependencies = (
			);
			name = "TodoPartyFirebase-Firebase";
			packageProductDependencies = (
				2F7D60CF2906C455003A22EF /* FirebaseAuth */,
				2F7D60D12906C455003A22EF /* FirebaseDatabase */,
				2F7D60D32906C455003A22EF /* FirebaseDatabaseSwift */,
			);
			productName = TodoParty;
			productReference = 2F7D60BA2906BC23003A22EF /* TodoPartyFirebase-Firebase.app */;
			productType = "com.apple.product-type.application";
		};
/* End PBXNativeTarget section */

/* Begin PBXProject section */
		2F7D60B22906BC23003A22EF /* Project object */ = {
			isa = PBXProject;
			attributes = {
				BuildIndependentTargetsInParallel = 1;
				LastSwiftUpdateCheck = 1400;
				LastUpgradeCheck = 1410;
				TargetAttributes = {
					2F7D60B92906BC23003A22EF = {
						CreatedOnToolsVersion = 14.0.1;
					};
				};
			};
			buildConfigurationList = 2F7D60B52906BC23003A22EF /* Build configuration list for PBXProject "TodoPartyFirebase" */;
			compatibilityVersion = "Xcode 14.0";
			developmentRegion = en;
			hasScannedForEncodings = 0;
			knownRegions = (
				en,
				Base,
			);
			mainGroup = 2F7D60B12906BC23003A22EF;
			packageReferences = (
				2F7D60CE2906C455003A22EF /* XCRemoteSwiftPackageReference "firebase-ios-sdk" */,
			);
			productRefGroup = 2F7D60BB2906BC23003A22EF /* Products */;
			projectDirPath = "";
			projectRoot = "";
			targets = (
				2F7D60B92906BC23003A22EF /* TodoPartyFirebase-Firebase */,
			);
		};
/* End PBXProject section */

/* Begin PBXResourcesBuildPhase section */
		2F7D60B82906BC23003A22EF /* Resources */ = {
			isa = PBXResourcesBuildPhase;
			buildActionMask = 2147483647;
			files = (
				2F7D60C62906BC24003A22EF /* Preview Assets.xcassets in Resources */,
				2F7D60C22906BC24003A22EF /* Assets.xcassets in Resources */,
				2F7D60CD2906C3A2003A22EF /* GoogleService-Info.plist in Resources */,
			);
			runOnlyForDeploymentPostprocessing = 0;
		};
/* End PBXResourcesBuildPhase section */

/* Begin PBXSourcesBuildPhase section */
		2F7D60B62906BC23003A22EF /* Sources */ = {
			isa = PBXSourcesBuildPhase;
			buildActionMask = 2147483647;
			files = (
				2F7D60D72906C4D7003A22EF /* AuthManager.swift in Sources */,
				2F7D60E42906E6C7003A22EF /* TodoItem.swift in Sources */,
				2F7D60C02906BC23003A22EF /* ContentView.swift in Sources */,
				2FE80AF729146076000B0222 /* TodoList.swift in Sources */,
				2F7D60EC2906F5D2003A22EF /* TodoModel+Preview.swift in Sources */,
				2F7D60BE2906BC23003A22EF /* TodoPartyApp.swift in Sources */,
				2F7D60DC2906C790003A22EF /* CustomTextFieldView.swift in Sources */,
				2F7D60E02906D90C003A22EF /* Color+Extensions.swift in Sources */,
				2F7D60DA2906C782003A22EF /* CustomButtonView.swift in Sources */,
				2F7D60E62906E6F4003A22EF /* TodoManager.swift in Sources */,
				2F7D60E92906F220003A22EF /* TodoListScreen.swift in Sources */,
				2F7D60DE2906C85B003A22EF /* AuthScreen.swift in Sources */,
			);
			runOnlyForDeploymentPostprocessing = 0;
		};
/* End PBXSourcesBuildPhase section */

/* Begin XCBuildConfiguration section */
		2F7D60C72906BC24003A22EF /* Debug */ = {
			isa = XCBuildConfiguration;
			buildSettings = {
				ALWAYS_SEARCH_USER_PATHS = NO;
				CLANG_ANALYZER_NONNULL = YES;
				CLANG_ANALYZER_NUMBER_OBJECT_CONVERSION = YES_AGGRESSIVE;
				CLANG_CXX_LANGUAGE_STANDARD = "gnu++20";
				CLANG_ENABLE_MODULES = YES;
				CLANG_ENABLE_OBJC_ARC = YES;
				CLANG_ENABLE_OBJC_WEAK = YES;
				CLANG_WARN_BLOCK_CAPTURE_AUTORELEASING = YES;
				CLANG_WARN_BOOL_CONVERSION = YES;
				CLANG_WARN_COMMA = YES;
				CLANG_WARN_CONSTANT_CONVERSION = YES;
				CLANG_WARN_DEPRECATED_OBJC_IMPLEMENTATIONS = YES;
				CLANG_WARN_DIRECT_OBJC_ISA_USAGE = YES_ERROR;
				CLANG_WARN_DOCUMENTATION_COMMENTS = YES;
				CLANG_WARN_EMPTY_BODY = YES;
				CLANG_WARN_ENUM_CONVERSION = YES;
				CLANG_WARN_INFINITE_RECURSION = YES;
				CLANG_WARN_INT_CONVERSION = YES;
				CLANG_WARN_NON_LITERAL_NULL_CONVERSION = YES;
				CLANG_WARN_OBJC_IMPLICIT_RETAIN_SELF = YES;
				CLANG_WARN_OBJC_LITERAL_CONVERSION = YES;
				CLANG_WARN_OBJC_ROOT_CLASS = YES_ERROR;
				CLANG_WARN_QUOTED_INCLUDE_IN_FRAMEWORK_HEADER = YES;
				CLANG_WARN_RANGE_LOOP_ANALYSIS = YES;
				CLANG_WARN_STRICT_PROTOTYPES = YES;
				CLANG_WARN_SUSPICIOUS_MOVE = YES;
				CLANG_WARN_UNGUARDED_AVAILABILITY = YES_AGGRESSIVE;
				CLANG_WARN_UNREACHABLE_CODE = YES;
				CLANG_WARN__DUPLICATE_METHOD_MATCH = YES;
				COPY_PHASE_STRIP = NO;
				DEAD_CODE_STRIPPING = YES;
				DEBUG_INFORMATION_FORMAT = dwarf;
				ENABLE_STRICT_OBJC_MSGSEND = YES;
				ENABLE_TESTABILITY = YES;
				GCC_C_LANGUAGE_STANDARD = gnu11;
				GCC_DYNAMIC_NO_PIC = NO;
				GCC_NO_COMMON_BLOCKS = YES;
				GCC_OPTIMIZATION_LEVEL = 0;
				GCC_PREPROCESSOR_DEFINITIONS = (
					"DEBUG=1",
					"$(inherited)",
				);
				GCC_WARN_64_TO_32_BIT_CONVERSION = YES;
				GCC_WARN_ABOUT_RETURN_TYPE = YES_ERROR;
				GCC_WARN_UNDECLARED_SELECTOR = YES;
				GCC_WARN_UNINITIALIZED_AUTOS = YES_AGGRESSIVE;
				GCC_WARN_UNUSED_FUNCTION = YES;
				GCC_WARN_UNUSED_VARIABLE = YES;
				MTL_ENABLE_DEBUG_INFO = INCLUDE_SOURCE;
				MTL_FAST_MATH = YES;
				ONLY_ACTIVE_ARCH = YES;
				SWIFT_ACTIVE_COMPILATION_CONDITIONS = DEBUG;
				SWIFT_OPTIMIZATION_LEVEL = "-Onone";
			};
			name = Debug;
		};
		2F7D60C82906BC24003A22EF /* Release */ = {
			isa = XCBuildConfiguration;
			buildSettings = {
				ALWAYS_SEARCH_USER_PATHS = NO;
				CLANG_ANALYZER_NONNULL = YES;
				CLANG_ANALYZER_NUMBER_OBJECT_CONVERSION = YES_AGGRESSIVE;
				CLANG_CXX_LANGUAGE_STANDARD = "gnu++20";
				CLANG_ENABLE_MODULES = YES;
				CLANG_ENABLE_OBJC_ARC = YES;
				CLANG_ENABLE_OBJC_WEAK = YES;
				CLANG_WARN_BLOCK_CAPTURE_AUTORELEASING = YES;
				CLANG_WARN_BOOL_CONVERSION = YES;
				CLANG_WARN_COMMA = YES;
				CLANG_WARN_CONSTANT_CONVERSION = YES;
				CLANG_WARN_DEPRECATED_OBJC_IMPLEMENTATIONS = YES;
				CLANG_WARN_DIRECT_OBJC_ISA_USAGE = YES_ERROR;
				CLANG_WARN_DOCUMENTATION_COMMENTS = YES;
				CLANG_WARN_EMPTY_BODY = YES;
				CLANG_WARN_ENUM_CONVERSION = YES;
				CLANG_WARN_INFINITE_RECURSION = YES;
				CLANG_WARN_INT_CONVERSION = YES;
				CLANG_WARN_NON_LITERAL_NULL_CONVERSION = YES;
				CLANG_WARN_OBJC_IMPLICIT_RETAIN_SELF = YES;
				CLANG_WARN_OBJC_LITERAL_CONVERSION = YES;
				CLANG_WARN_OBJC_ROOT_CLASS = YES_ERROR;
				CLANG_WARN_QUOTED_INCLUDE_IN_FRAMEWORK_HEADER = YES;
				CLANG_WARN_RANGE_LOOP_ANALYSIS = YES;
				CLANG_WARN_STRICT_PROTOTYPES = YES;
				CLANG_WARN_SUSPICIOUS_MOVE = YES;
				CLANG_WARN_UNGUARDED_AVAILABILITY = YES_AGGRESSIVE;
				CLANG_WARN_UNREACHABLE_CODE = YES;
				CLANG_WARN__DUPLICATE_METHOD_MATCH = YES;
				COPY_PHASE_STRIP = NO;
				DEAD_CODE_STRIPPING = YES;
				DEBUG_INFORMATION_FORMAT = "dwarf-with-dsym";
				ENABLE_NS_ASSERTIONS = NO;
				ENABLE_STRICT_OBJC_MSGSEND = YES;
				GCC_C_LANGUAGE_STANDARD = gnu11;
				GCC_NO_COMMON_BLOCKS = YES;
				GCC_WARN_64_TO_32_BIT_CONVERSION = YES;
				GCC_WARN_ABOUT_RETURN_TYPE = YES_ERROR;
				GCC_WARN_UNDECLARED_SELECTOR = YES;
				GCC_WARN_UNINITIALIZED_AUTOS = YES_AGGRESSIVE;
				GCC_WARN_UNUSED_FUNCTION = YES;
				GCC_WARN_UNUSED_VARIABLE = YES;
				MTL_ENABLE_DEBUG_INFO = NO;
				MTL_FAST_MATH = YES;
				SWIFT_COMPILATION_MODE = wholemodule;
				SWIFT_OPTIMIZATION_LEVEL = "-O";
			};
			name = Release;
		};
		2F7D60CA2906BC24003A22EF /* Debug */ = {
			isa = XCBuildConfiguration;
			buildSettings = {
				ASSETCATALOG_COMPILER_APPICON_NAME = AppIcon;
				ASSETCATALOG_COMPILER_GLOBAL_ACCENT_COLOR_NAME = AccentColor;
				CODE_SIGN_ENTITLEMENTS = TodoPartyFirebase/TodoParty.entitlements;
				CODE_SIGN_IDENTITY = "Apple Development";
				CODE_SIGN_STYLE = Automatic;
				CURRENT_PROJECT_VERSION = 1;
				DEAD_CODE_STRIPPING = YES;
				DEVELOPMENT_ASSET_PATHS = "\"TodoPartyFirebase/Preview Content\"";
				DEVELOPMENT_TEAM = 4BP826FJGX;
				ENABLE_HARDENED_RUNTIME = YES;
				ENABLE_PREVIEWS = YES;
				GENERATE_INFOPLIST_FILE = YES;
				"INFOPLIST_KEY_UIApplicationSceneManifest_Generation[sdk=iphoneos*]" = YES;
				"INFOPLIST_KEY_UIApplicationSceneManifest_Generation[sdk=iphonesimulator*]" = YES;
				"INFOPLIST_KEY_UIApplicationSupportsIndirectInputEvents[sdk=iphoneos*]" = YES;
				"INFOPLIST_KEY_UIApplicationSupportsIndirectInputEvents[sdk=iphonesimulator*]" = YES;
				"INFOPLIST_KEY_UILaunchScreen_Generation[sdk=iphoneos*]" = YES;
				"INFOPLIST_KEY_UILaunchScreen_Generation[sdk=iphonesimulator*]" = YES;
				"INFOPLIST_KEY_UIStatusBarStyle[sdk=iphoneos*]" = UIStatusBarStyleDefault;
				"INFOPLIST_KEY_UIStatusBarStyle[sdk=iphonesimulator*]" = UIStatusBarStyleDefault;
				INFOPLIST_KEY_UISupportedInterfaceOrientations_iPad = "UIInterfaceOrientationPortrait UIInterfaceOrientationPortraitUpsideDown UIInterfaceOrientationLandscapeLeft UIInterfaceOrientationLandscapeRight";
				INFOPLIST_KEY_UISupportedInterfaceOrientations_iPhone = "UIInterfaceOrientationPortrait UIInterfaceOrientationLandscapeLeft UIInterfaceOrientationLandscapeRight";
				IPHONEOS_DEPLOYMENT_TARGET = 16.0;
				LD_RUNPATH_SEARCH_PATHS = "@executable_path/Frameworks";
				"LD_RUNPATH_SEARCH_PATHS[sdk=macosx*]" = "@executable_path/../Frameworks";
				MACOSX_DEPLOYMENT_TARGET = 12.3;
				MARKETING_VERSION = 1.0;
				PRODUCT_BUNDLE_IDENTIFIER = dev.neurothrone.TodoPartyFirebase;
				PRODUCT_NAME = "$(TARGET_NAME)";
				PROVISIONING_PROFILE_SPECIFIER = "";
				SDKROOT = auto;
				SUPPORTED_PLATFORMS = "iphoneos iphonesimulator macosx";
				SWIFT_EMIT_LOC_STRINGS = YES;
				SWIFT_VERSION = 5.0;
				TARGETED_DEVICE_FAMILY = "1,2";
			};
			name = Debug;
		};
		2F7D60CB2906BC24003A22EF /* Release */ = {
			isa = XCBuildConfiguration;
			buildSettings = {
				ASSETCATALOG_COMPILER_APPICON_NAME = AppIcon;
				ASSETCATALOG_COMPILER_GLOBAL_ACCENT_COLOR_NAME = AccentColor;
				CODE_SIGN_ENTITLEMENTS = TodoPartyFirebase/TodoParty.entitlements;
				CODE_SIGN_IDENTITY = "Apple Development";
				CODE_SIGN_STYLE = Automatic;
				CURRENT_PROJECT_VERSION = 1;
				DEAD_CODE_STRIPPING = YES;
				DEVELOPMENT_ASSET_PATHS = "\"TodoPartyFirebase/Preview Content\"";
				DEVELOPMENT_TEAM = 4BP826FJGX;
				ENABLE_HARDENED_RUNTIME = YES;
				ENABLE_PREVIEWS = YES;
				GENERATE_INFOPLIST_FILE = YES;
				"INFOPLIST_KEY_UIApplicationSceneManifest_Generation[sdk=iphoneos*]" = YES;
				"INFOPLIST_KEY_UIApplicationSceneManifest_Generation[sdk=iphonesimulator*]" = YES;
				"INFOPLIST_KEY_UIApplicationSupportsIndirectInputEvents[sdk=iphoneos*]" = YES;
				"INFOPLIST_KEY_UIApplicationSupportsIndirectInputEvents[sdk=iphonesimulator*]" = YES;
				"INFOPLIST_KEY_UILaunchScreen_Generation[sdk=iphoneos*]" = YES;
				"INFOPLIST_KEY_UILaunchScreen_Generation[sdk=iphonesimulator*]" = YES;
				"INFOPLIST_KEY_UIStatusBarStyle[sdk=iphoneos*]" = UIStatusBarStyleDefault;
				"INFOPLIST_KEY_UIStatusBarStyle[sdk=iphonesimulator*]" = UIStatusBarStyleDefault;
				INFOPLIST_KEY_UISupportedInterfaceOrientations_iPad = "UIInterfaceOrientationPortrait UIInterfaceOrientationPortraitUpsideDown UIInterfaceOrientationLandscapeLeft UIInterfaceOrientationLandscapeRight";
				INFOPLIST_KEY_UISupportedInterfaceOrientations_iPhone = "UIInterfaceOrientationPortrait UIInterfaceOrientationLandscapeLeft UIInterfaceOrientationLandscapeRight";
				IPHONEOS_DEPLOYMENT_TARGET = 16.0;
				LD_RUNPATH_SEARCH_PATHS = "@executable_path/Frameworks";
				"LD_RUNPATH_SEARCH_PATHS[sdk=macosx*]" = "@executable_path/../Frameworks";
				MACOSX_DEPLOYMENT_TARGET = 12.3;
				MARKETING_VERSION = 1.0;
				PRODUCT_BUNDLE_IDENTIFIER = dev.neurothrone.TodoPartyFirebase;
				PRODUCT_NAME = "$(TARGET_NAME)";
				PROVISIONING_PROFILE_SPECIFIER = "";
				SDKROOT = auto;
				SUPPORTED_PLATFORMS = "iphoneos iphonesimulator macosx";
				SWIFT_EMIT_LOC_STRINGS = YES;
				SWIFT_VERSION = 5.0;
				TARGETED_DEVICE_FAMILY = "1,2";
			};
			name = Release;
		};
/* End XCBuildConfiguration section */

/* Begin XCConfigurationList section */
		2F7D60B52906BC23003A22EF /* Build configuration list for PBXProject "TodoPartyFirebase" */ = {
			isa = XCConfigurationList;
			buildConfigurations = (
				2F7D60C72906BC24003A22EF /* Debug */,
				2F7D60C82906BC24003A22EF /* Release */,
			);
			defaultConfigurationIsVisible = 0;
			defaultConfigurationName = Release;
		};
		2F7D60C92906BC24003A22EF /* Build configuration list for PBXNativeTarget "TodoPartyFirebase-Firebase" */ = {
			isa = XCConfigurationList;
			buildConfigurations = (
				2F7D60CA2906BC24003A22EF /* Debug */,
				2F7D60CB2906BC24003A22EF /* Release */,
			);
			defaultConfigurationIsVisible = 0;
			defaultConfigurationName = Release;
		};
/* End XCConfigurationList section */

/* Begin XCRemoteSwiftPackageReference section */
		2F7D60CE2906C455003A22EF /* XCRemoteSwiftPackageReference "firebase-ios-sdk" */ = {
			isa = XCRemoteSwiftPackageReference;
			repositoryURL = "https://github.com/firebase/firebase-ios-sdk";
			requirement = {
				kind = upToNextMajorVersion;
				minimumVersion = 9.0.0;
			};
		};
/* End XCRemoteSwiftPackageReference section */

/* Begin XCSwiftPackageProductDependency section */
		2F7D60CF2906C455003A22EF /* FirebaseAuth */ = {
			isa = XCSwiftPackageProductDependency;
			package = 2F7D60CE2906C455003A22EF /* XCRemoteSwiftPackageReference "firebase-ios-sdk" */;
			productName = FirebaseAuth;
		};
		2F7D60D12906C455003A22EF /* FirebaseDatabase */ = {
			isa = XCSwiftPackageProductDependency;
			package = 2F7D60CE2906C455003A22EF /* XCRemoteSwiftPackageReference "firebase-ios-sdk" */;
			productName = FirebaseDatabase;
		};
		2F7D60D32906C455003A22EF /* FirebaseDatabaseSwift */ = {
			isa = XCSwiftPackageProductDependency;
			package = 2F7D60CE2906C455003A22EF /* XCRemoteSwiftPackageReference "firebase-ios-sdk" */;
			productName = FirebaseDatabaseSwift;
		};
/* End XCSwiftPackageProductDependency section */
	};
	rootObject = 2F7D60B22906BC23003A22EF /* Project object */;
}
